
Microsoft Visual Studio Solution File, Format Version 12.00
# Visual Studio Version 16
VisualStudioVersion = 16.0.30804.86
MinimumVisualStudioVersion = 10.0.40219.1
Project("{FAE04EC0-301F-11D3-BF4B-00C04F79EFBC}") = "StudentDetails.ClientApp", "StudentDetails.ClientApp\StudentDetails.ClientApp.csproj", "{BBB69BC4-6454-49D6-A080-359C1A350326}"
EndProject
Project("{FAE04EC0-301F-11D3-BF4B-00C04F79EFBC}") = "StudentDetails.Data", "StudentDetails.Data\StudentDetails.Data.csproj", "{F6BB48A0-27F0-454D-8CF4-A123E18EA874}"
EndProject
Project("{FAE04EC0-301F-11D3-BF4B-00C04F79EFBC}") = "StudentDetails.Domain", "StudentDetails.Domain\StudentDetails.Domain.csproj", "{7156F20F-FAB6-4EE1-8971-0A4622E79BBC}"
EndProject
Project("{FAE04EC0-301F-11D3-BF4B-00C04F79EFBC}") = "StudentDetails.BusinessLibrary", "StudentDetails.BusinessLibrary\StudentDetails.BusinessLibrary.csproj", "{7E7DBA19-7A98-46AF-9DDB-A6F3D4887602}"
EndProject
Project("{FAE04EC0-301F-11D3-BF4B-00C04F79EFBC}") = "StudentDetails.ServicePlatform", "StudentDetails.ServicePlatform\StudentDetails.ServicePlatform.csproj", "{6045D758-774D-44F0-B495-793E718E819A}"
EndProject
Global
	GlobalSection(SolutionConfigurationPlatforms) = preSolution
		Debug|Any CPU = Debug|Any CPU
		Release|Any CPU = Release|Any CPU
	EndGlobalSection
	GlobalSection(ProjectConfigurationPlatforms) = postSolution
		{BBB69BC4-6454-49D6-A080-359C1A350326}.Debug|Any CPU.ActiveCfg = Debug|Any CPU
		{BBB69BC4-6454-49D6-A080-359C1A350326}.Debug|Any CPU.Build.0 = Debug|Any CPU
		{BBB69BC4-6454-49D6-A080-359C1A350326}.Release|Any CPU.ActiveCfg = Release|Any CPU
		{BBB69BC4-6454-49D6-A080-359C1A350326}.Release|Any CPU.Build.0 = Release|Any CPU
		{F6BB48A0-27F0-454D-8CF4-A123E18EA874}.Debug|Any CPU.ActiveCfg = Debug|Any CPU
		{F6BB48A0-27F0-454D-8CF4-A123E18EA874}.Debug|Any CPU.Build.0 = Debug|Any CPU
		{F6BB48A0-27F0-454D-8CF4-A123E18EA874}.Release|Any CPU.ActiveCfg = Release|Any CPU
		{F6BB48A0-27F0-454D-8CF4-A123E18EA874}.Release|Any CPU.Build.0 = Release|Any CPU
		{7156F20F-FAB6-4EE1-8971-0A4622E79BBC}.Debug|Any CPU.ActiveCfg = Debug|Any CPU
		{7156F20F-FAB6-4EE1-8971-0A4622E79BBC}.Debug|Any CPU.Build.0 = Debug|Any CPU
		{7156F20F-FAB6-4EE1-8971-0A4622E79BBC}.Release|Any CPU.ActiveCfg = Release|Any CPU
		{7156F20F-FAB6-4EE1-8971-0A4622E79BBC}.Release|Any CPU.Build.0 = Release|Any CPU
		{7E7DBA19-7A98-46AF-9DDB-A6F3D4887602}.Debug|Any CPU.ActiveCfg = Debug|Any CPU
		{7E7DBA19-7A98-46AF-9DDB-A6F3D4887602}.Debug|Any CPU.Build.0 = Debug|Any CPU
		{7E7DBA19-7A98-46AF-9DDB-A6F3D4887602}.Release|Any CPU.ActiveCfg = Release|Any CPU
		{7E7DBA19-7A98-46AF-9DDB-A6F3D4887602}.Release|Any CPU.Build.0 = Release|Any CPU
		{6045D758-774D-44F0-B495-793E718E819A}.Debug|Any CPU.ActiveCfg = Debug|Any CPU
		{6045D758-774D-44F0-B495-793E718E819A}.Debug|Any CPU.Build.0 = Debug|Any CPU
		{6045D758-774D-44F0-B495-793E718E819A}.Release|Any CPU.ActiveCfg = Release|Any CPU
		{6045D758-774D-44F0-B495-793E718E819A}.Release|Any CPU.Build.0 = Release|Any CPU
	EndGlobalSection
	GlobalSection(SolutionProperties) = preSolution
		HideSolutionNode = FALSE
	EndGlobalSection
	GlobalSection(ExtensibilityGlobals) = postSolution
		SolutionGuid = {16EE6859-2F8F-4345-B077-A7AB8D5B1634}
	EndGlobalSection
EndGlobal
